// !$*UTF8*$!
{
	archiveVersion = 1;
	classes = {
	};
	objectVersion = 50;
	objects = {

/* Begin PBXBuildFile section */
		182FA47C21C2C6B90025F3F7 /* AppDelegate.swift in Sources */ = {isa = PBXBuildFile; fileRef = 182FA47B21C2C6B90025F3F7 /* AppDelegate.swift */; };
		182FA47E21C2C6B90025F3F7 /* ViewController.swift in Sources */ = {isa = PBXBuildFile; fileRef = 182FA47D21C2C6B90025F3F7 /* ViewController.swift */; };
		182FA48121C2C6B90025F3F7 /* Main.storyboard in Resources */ = {isa = PBXBuildFile; fileRef = 182FA47F21C2C6B90025F3F7 /* Main.storyboard */; };
		182FA48321C2C6BE0025F3F7 /* Assets.xcassets in Resources */ = {isa = PBXBuildFile; fileRef = 182FA48221C2C6BE0025F3F7 /* Assets.xcassets */; };
		182FA48621C2C6BE0025F3F7 /* LaunchScreen.storyboard in Resources */ = {isa = PBXBuildFile; fileRef = 182FA48421C2C6BE0025F3F7 /* LaunchScreen.storyboard */; };
		182FA49121C2C6BE0025F3F7 /* ConcentrationTests.swift in Sources */ = {isa = PBXBuildFile; fileRef = 182FA49021C2C6BE0025F3F7 /* ConcentrationTests.swift */; };
		182FA49C21C2C6BE0025F3F7 /* ConcentrationUITests.swift in Sources */ = {isa = PBXBuildFile; fileRef = 182FA49B21C2C6BE0025F3F7 /* ConcentrationUITests.swift */; };
		182FA4AA21C2F87E0025F3F7 /* Concentration.swift in Sources */ = {isa = PBXBuildFile; fileRef = 182FA4A921C2F87E0025F3F7 /* Concentration.swift */; };
		182FA4AC21C2F97B0025F3F7 /* Card.swift in Sources */ = {isa = PBXBuildFile; fileRef = 182FA4AB21C2F97B0025F3F7 /* Card.swift */; };
/* End PBXBuildFile section */

/* Begin PBXContainerItemProxy section */
		182FA48D21C2C6BE0025F3F7 /* PBXContainerItemProxy */ = {
			isa = PBXContainerItemProxy;
			containerPortal = 182FA47021C2C6B80025F3F7 /* Project object */;
			proxyType = 1;
			remoteGlobalIDString = 182FA47721C2C6B90025F3F7;
			remoteInfo = Concentration;
		};
		182FA49821C2C6BE0025F3F7 /* PBXContainerItemProxy */ = {
			isa = PBXContainerItemProxy;
			containerPortal = 182FA47021C2C6B80025F3F7 /* Project object */;
			proxyType = 1;
			remoteGlobalIDString = 182FA47721C2C6B90025F3F7;
			remoteInfo = Concentration;
		};
/* End PBXContainerItemProxy section */

/* Begin PBXFileReference section */
		182FA47821C2C6B90025F3F7 /* Concentration.app */ = {isa = PBXFileReference; explicitFileType = wrapper.application; includeInIndex = 0; path = Concentration.app; sourceTree = BUILT_PRODUCTS_DIR; };
		182FA47B21C2C6B90025F3F7 /* AppDelegate.swift */ = {isa = PBXFileReference; lastKnownFileType = sourcecode.swift; path = AppDelegate.swift; sourceTree = "<group>"; };
		182FA47D21C2C6B90025F3F7 /* ViewController.swift */ = {isa = PBXFileReference; lastKnownFileType = sourcecode.swift; path = ViewController.swift; sourceTree = "<group>"; };
		182FA48021C2C6B90025F3F7 /* Base */ = {isa = PBXFileReference; lastKnownFileType = file.storyboard; name = Base; path = Base.lproj/Main.storyboard; sourceTree = "<group>"; };
		182FA48221C2C6BE0025F3F7 /* Assets.xcassets */ = {isa = PBXFileReference; lastKnownFileType = folder.assetcatalog; path = Assets.xcassets; sourceTree = "<group>"; };
		182FA48521C2C6BE0025F3F7 /* Base */ = {isa = PBXFileReference; lastKnownFileType = file.storyboard; name = Base; path = Base.lproj/LaunchScreen.storyboard; sourceTree = "<group>"; };
		182FA48721C2C6BE0025F3F7 /* Info.plist */ = {isa = PBXFileReference; lastKnownFileType = text.plist.xml; path = Info.plist; sourceTree = "<group>"; };
		182FA48C21C2C6BE0025F3F7 /* ConcentrationTests.xctest */ = {isa = PBXFileReference; explicitFileType = wrapper.cfbundle; includeInIndex = 0; path = ConcentrationTests.xctest; sourceTree = BUILT_PRODUCTS_DIR; };
		182FA49021C2C6BE0025F3F7 /* ConcentrationTests.swift */ = {isa = PBXFileReference; lastKnownFileType = sourcecode.swift; path = ConcentrationTests.swift; sourceTree = "<group>"; };
		182FA49221C2C6BE0025F3F7 /* Info.plist */ = {isa = PBXFileReference; lastKnownFileType = text.plist.xml; path = Info.plist; sourceTree = "<group>"; };
		182FA49721C2C6BE0025F3F7 /* ConcentrationUITests.xctest */ = {isa = PBXFileReference; explicitFileType = wrapper.cfbundle; includeInIndex = 0; path = ConcentrationUITests.xctest; sourceTree = BUILT_PRODUCTS_DIR; };
		182FA49B21C2C6BE0025F3F7 /* ConcentrationUITests.swift */ = {isa = PBXFileReference; lastKnownFileType = sourcecode.swift; path = ConcentrationUITests.swift; sourceTree = "<group>"; };
		182FA49D21C2C6BE0025F3F7 /* Info.plist */ = {isa = PBXFileReference; lastKnownFileType = text.plist.xml; path = Info.plist; sourceTree = "<group>"; };
		182FA4A921C2F87E0025F3F7 /* Concentration.swift */ = {isa = PBXFileReference; lastKnownFileType = sourcecode.swift; path = Concentration.swift; sourceTree = "<group>"; };
		182FA4AB21C2F97B0025F3F7 /* Card.swift */ = {isa = PBXFileReference; lastKnownFileType = sourcecode.swift; path = Card.swift; sourceTree = "<group>"; };
/* End PBXFileReference section */

/* Begin PBXFrameworksBuildPhase section */
		182FA47521C2C6B90025F3F7 /* Frameworks */ = {
			isa = PBXFrameworksBuildPhase;
			buildActionMask = 2147483647;
			files = (
			);
			runOnlyForDeploymentPostprocessing = 0;
		};
		182FA48921C2C6BE0025F3F7 /* Frameworks */ = {
			isa = PBXFrameworksBuildPhase;
			buildActionMask = 2147483647;
			files = (
			);
			runOnlyForDeploymentPostprocessing = 0;
		};
		182FA49421C2C6BE0025F3F7 /* Frameworks */ = {
			isa = PBXFrameworksBuildPhase;
			buildActionMask = 2147483647;
			files = (
			);
			runOnlyForDeploymentPostprocessing = 0;
		};
/* End PBXFrameworksBuildPhase section */

/* Begin PBXGroup section */
		182FA46F21C2C6B80025F3F7 = {
			isa = PBXGroup;
			children = (
				182FA47A21C2C6B90025F3F7 /* Concentration */,
				182FA48F21C2C6BE0025F3F7 /* ConcentrationTests */,
				182FA49A21C2C6BE0025F3F7 /* ConcentrationUITests */,
				182FA47921C2C6B90025F3F7 /* Products */,
			);
			sourceTree = "<group>";
		};
		182FA47921C2C6B90025F3F7 /* Products */ = {
			isa = PBXGroup;
			children = (
				182FA47821C2C6B90025F3F7 /* Concentration.app */,
				182FA48C21C2C6BE0025F3F7 /* ConcentrationTests.xctest */,
				182FA49721C2C6BE0025F3F7 /* ConcentrationUITests.xctest */,
			);
			name = Products;
			sourceTree = "<group>";
		};
		182FA47A21C2C6B90025F3F7 /* Concentration */ = {
			isa = PBXGroup;
			children = (
				182FA4A921C2F87E0025F3F7 /* Concentration.swift */,
				182FA4AB21C2F97B0025F3F7 /* Card.swift */,
				182FA47B21C2C6B90025F3F7 /* AppDelegate.swift */,
				182FA47D21C2C6B90025F3F7 /* ViewController.swift */,
				182FA47F21C2C6B90025F3F7 /* Main.storyboard */,
				182FA48221C2C6BE0025F3F7 /* Assets.xcassets */,
				182FA48421C2C6BE0025F3F7 /* LaunchScreen.storyboard */,
				182FA48721C2C6BE0025F3F7 /* Info.plist */,
			);
			path = Concentration;
			sourceTree = "<group>";
		};
		182FA48F21C2C6BE0025F3F7 /* ConcentrationTests */ = {
			isa = PBXGroup;
			children = (
				182FA49021C2C6BE0025F3F7 /* ConcentrationTests.swift */,
				182FA49221C2C6BE0025F3F7 /* Info.plist */,
			);
			path = ConcentrationTests;
			sourceTree = "<group>";
		};
		182FA49A21C2C6BE0025F3F7 /* ConcentrationUITests */ = {
			isa = PBXGroup;
			children = (
				182FA49B21C2C6BE0025F3F7 /* ConcentrationUITests.swift */,
				182FA49D21C2C6BE0025F3F7 /* Info.plist */,
			);
			path = ConcentrationUITests;
			sourceTree = "<group>";
		};
/* End PBXGroup section */

/* Begin PBXNativeTarget section */
		182FA47721C2C6B90025F3F7 /* Concentration */ = {
			isa = PBXNativeTarget;
			buildConfigurationList = 182FA4A021C2C6BE0025F3F7 /* Build configuration list for PBXNativeTarget "Concentration" */;
			buildPhases = (
				182FA47421C2C6B90025F3F7 /* Sources */,
				182FA47521C2C6B90025F3F7 /* Frameworks */,
				182FA47621C2C6B90025F3F7 /* Resources */,
			);
			buildRules = (
			);
			dependencies = (
			);
			name = Concentration;
			productName = Concentration;
			productReference = 182FA47821C2C6B90025F3F7 /* Concentration.app */;
			productType = "com.apple.product-type.application";
		};
		182FA48B21C2C6BE0025F3F7 /* ConcentrationTests */ = {
			isa = PBXNativeTarget;
			buildConfigurationList = 182FA4A321C2C6BE0025F3F7 /* Build configuration list for PBXNativeTarget "ConcentrationTests" */;
			buildPhases = (
				182FA48821C2C6BE0025F3F7 /* Sources */,
				182FA48921C2C6BE0025F3F7 /* Frameworks */,
				182FA48A21C2C6BE0025F3F7 /* Resources */,
			);
			buildRules = (
			);
			dependencies = (
				182FA48E21C2C6BE0025F3F7 /* PBXTargetDependency */,
			);
			name = ConcentrationTests;
			productName = ConcentrationTests;
			productReference = 182FA48C21C2C6BE0025F3F7 /* ConcentrationTests.xctest */;
			productType = "com.apple.product-type.bundle.unit-test";
		};
		182FA49621C2C6BE0025F3F7 /* ConcentrationUITests */ = {
			isa = PBXNativeTarget;
			buildConfigurationList = 182FA4A621C2C6BE0025F3F7 /* Build configuration list for PBXNativeTarget "ConcentrationUITests" */;
			buildPhases = (
				182FA49321C2C6BE0025F3F7 /* Sources */,
				182FA49421C2C6BE0025F3F7 /* Frameworks */,
				182FA49521C2C6BE0025F3F7 /* Resources */,
			);
			buildRules = (
			);
			dependencies = (
				182FA49921C2C6BE0025F3F7 /* PBXTargetDependency */,
			);
			name = ConcentrationUITests;
			productName = ConcentrationUITests;
			productReference = 182FA49721C2C6BE0025F3F7 /* ConcentrationUITests.xctest */;
			productType = "com.apple.product-type.bundle.ui-testing";
		};
/* End PBXNativeTarget section */

/* Begin PBXProject section */
		182FA47021C2C6B80025F3F7 /* Project object */ = {
			isa = PBXProject;
			attributes = {
				LastSwiftUpdateCheck = 1010;
				LastUpgradeCheck = 1010;
				ORGANIZATIONNAME = Bong;
				TargetAttributes = {
					182FA47721C2C6B90025F3F7 = {
						CreatedOnToolsVersion = 10.1;
					};
					182FA48B21C2C6BE0025F3F7 = {
						CreatedOnToolsVersion = 10.1;
						TestTargetID = 182FA47721C2C6B90025F3F7;
					};
					182FA49621C2C6BE0025F3F7 = {
						CreatedOnToolsVersion = 10.1;
						TestTargetID = 182FA47721C2C6B90025F3F7;
					};
				};
			};
			buildConfigurationList = 182FA47321C2C6B80025F3F7 /* Build configuration list for PBXProject "Concentration" */;
			compatibilityVersion = "Xcode 9.3";
			developmentRegion = en;
			hasScannedForEncodings = 0;
			knownRegions = (
				en,
				Base,
			);
			mainGroup = 182FA46F21C2C6B80025F3F7;
			productRefGroup = 182FA47921C2C6B90025F3F7 /* Products */;
			projectDirPath = "";
			projectRoot = "";
			targets = (
				182FA47721C2C6B90025F3F7 /* Concentration */,
				182FA48B21C2C6BE0025F3F7 /* ConcentrationTests */,
				182FA49621C2C6BE0025F3F7 /* ConcentrationUITests */,
			);
		};
/* End PBXProject section */

/* Begin PBXResourcesBuildPhase section */
		182FA47621C2C6B90025F3F7 /* Resources */ = {
			isa = PBXResourcesBuildPhase;
			buildActionMask = 2147483647;
			files = (
				182FA48621C2C6BE0025F3F7 /* LaunchScreen.storyboard in Resources */,
				182FA48321C2C6BE0025F3F7 /* Assets.xcassets in Resources */,
				182FA48121C2C6B90025F3F7 /* Main.storyboard in Resources */,
			);
			runOnlyForDeploymentPostprocessing = 0;
		};
		182FA48A21C2C6BE0025F3F7 /* Resources */ = {
			isa = PBXResourcesBuildPhase;
			buildActionMask = 2147483647;
			files = (
			);
			runOnlyForDeploymentPostprocessing = 0;
		};
		182FA49521C2C6BE0025F3F7 /* Resources */ = {
			isa = PBXResourcesBuildPhase;
			buildActionMask = 2147483647;
			files = (
			);
			runOnlyForDeploymentPostprocessing = 0;
		};
/* End PBXResourcesBuildPhase section */

/* Begin PBXSourcesBuildPhase section */
		182FA47421C2C6B90025F3F7 /* Sources */ = {
			isa = PBXSourcesBuildPhase;
			buildActionMask = 2147483647;
			files = (
				182FA47E21C2C6B90025F3F7 /* ViewController.swift in Sources */,
				182FA47C21C2C6B90025F3F7 /* AppDelegate.swift in Sources */,
				182FA4AA21C2F87E0025F3F7 /* Concentration.swift in Sources */,
				182FA4AC21C2F97B0025F3F7 /* Card.swift in Sources */,
			);
			runOnlyForDeploymentPostprocessing = 0;
		};
		182FA48821C2C6BE0025F3F7 /* Sources */ = {
			isa = PBXSourcesBuildPhase;
			buildActionMask = 2147483647;
			files = (
				182FA49121C2C6BE0025F3F7 /* ConcentrationTests.swift in Sources */,
			);
			runOnlyForDeploymentPostprocessing = 0;
		};
		182FA49321C2C6BE0025F3F7 /* Sources */ = {
			isa = PBXSourcesBuildPhase;
			buildActionMask = 2147483647;
			files = (
				182FA49C21C2C6BE0025F3F7 /* ConcentrationUITests.swift in Sources */,
			);
			runOnlyForDeploymentPostprocessing = 0;
		};
/* End PBXSourcesBuildPhase section */

/* Begin PBXTargetDependency section */
		182FA48E21C2C6BE0025F3F7 /* PBXTargetDependency */ = {
			isa = PBXTargetDependency;
			target = 182FA47721C2C6B90025F3F7 /* Concentration */;
			targetProxy = 182FA48D21C2C6BE0025F3F7 /* PBXContainerItemProxy */;
		};
		182FA49921C2C6BE0025F3F7 /* PBXTargetDependency */ = {
			isa = PBXTargetDependency;
			target = 182FA47721C2C6B90025F3F7 /* Concentration */;
			targetProxy = 182FA49821C2C6BE0025F3F7 /* PBXContainerItemProxy */;
		};
/* End PBXTargetDependency section */

/* Begin PBXVariantGroup section */
		182FA47F21C2C6B90025F3F7 /* Main.storyboard */ = {
			isa = PBXVariantGroup;
			children = (
				182FA48021C2C6B90025F3F7 /* Base */,
			);
			name = Main.storyboard;
			sourceTree = "<group>";
		};
		182FA48421C2C6BE0025F3F7 /* LaunchScreen.storyboard */ = {
			isa = PBXVariantGroup;
			children = (
				182FA48521C2C6BE0025F3F7 /* Base */,
			);
			name = LaunchScreen.storyboard;
			sourceTree = "<group>";
		};
/* End PBXVariantGroup section */

/* Begin XCBuildConfiguration section */
		182FA49E21C2C6BE0025F3F7 /* Debug */ = {
			isa = XCBuildConfiguration;
			buildSettings = {
				ALWAYS_SEARCH_USER_PATHS = NO;
				CLANG_ANALYZER_NONNULL = YES;
				CLANG_ANALYZER_NUMBER_OBJECT_CONVERSION = YES_AGGRESSIVE;
				CLANG_CXX_LANGUAGE_STANDARD = "gnu++14";
				CLANG_CXX_LIBRARY = "libc++";
				CLANG_ENABLE_MODULES = YES;
				CLANG_ENABLE_OBJC_ARC = YES;
				CLANG_ENABLE_OBJC_WEAK = YES;
				CLANG_WARN_BLOCK_CAPTURE_AUTORELEASING = YES;
				CLANG_WARN_BOOL_CONVERSION = YES;
				CLANG_WARN_COMMA = YES;
				CLANG_WARN_CONSTANT_CONVERSION = YES;
				CLANG_WARN_DEPRECATED_OBJC_IMPLEMENTATIONS = YES;
				CLANG_WARN_DIRECT_OBJC_ISA_USAGE = YES_ERROR;
				CLANG_WARN_DOCUMENTATION_COMMENTS = YES;
				CLANG_WARN_EMPTY_BODY = YES;
				CLANG_WARN_ENUM_CONVERSION = YES;
				CLANG_WARN_INFINITE_RECURSION = YES;
				CLANG_WARN_INT_CONVERSION = YES;
				CLANG_WARN_NON_LITERAL_NULL_CONVERSION = YES;
				CLANG_WARN_OBJC_IMPLICIT_RETAIN_SELF = YES;
				CLANG_WARN_OBJC_LITERAL_CONVERSION = YES;
				CLANG_WARN_OBJC_ROOT_CLASS = YES_ERROR;
				CLANG_WARN_RANGE_LOOP_ANALYSIS = YES;
				CLANG_WARN_STRICT_PROTOTYPES = YES;
				CLANG_WARN_SUSPICIOUS_MOVE = YES;
				CLANG_WARN_UNGUARDED_AVAILABILITY = YES_AGGRESSIVE;
				CLANG_WARN_UNREACHABLE_CODE = YES;
				CLANG_WARN__DUPLICATE_METHOD_MATCH = YES;
				CODE_SIGN_IDENTITY = "iPhone Developer";
				COPY_PHASE_STRIP = NO;
				DEBUG_INFORMATION_FORMAT = dwarf;
				ENABLE_STRICT_OBJC_MSGSEND = YES;
				ENABLE_TESTABILITY = YES;
				GCC_C_LANGUAGE_STANDARD = gnu11;
				GCC_DYNAMIC_NO_PIC = NO;
				GCC_NO_COMMON_BLOCKS = YES;
				GCC_OPTIMIZATION_LEVEL = 0;
				GCC_PREPROCESSOR_DEFINITIONS = (
					"DEBUG=1",
					"$(inherited)",
				);
				GCC_WARN_64_TO_32_BIT_CONVERSION = YES;
				GCC_WARN_ABOUT_RETURN_TYPE = YES_ERROR;
				GCC_WARN_UNDECLARED_SELECTOR = YES;
				GCC_WARN_UNINITIALIZED_AUTOS = YES_AGGRESSIVE;
				GCC_WARN_UNUSED_FUNCTION = YES;
				GCC_WARN_UNUSED_VARIABLE = YES;
				IPHONEOS_DEPLOYMENT_TARGET = 12.1;
				MTL_ENABLE_DEBUG_INFO = INCLUDE_SOURCE;
				MTL_FAST_MATH = YES;
				ONLY_ACTIVE_ARCH = YES;
				SDKROOT = iphoneos;
				SWIFT_ACTIVE_COMPILATION_CONDITIONS = DEBUG;
				SWIFT_OPTIMIZATION_LEVEL = "-Onone";
			};
			name = Debug;
		};
		182FA49F21C2C6BE0025F3F7 /* Release */ = {
			isa = XCBuildConfiguration;
			buildSettings = {
				ALWAYS_SEARCH_USER_PATHS = NO;
				CLANG_ANALYZER_NONNULL = YES;
				CLANG_ANALYZER_NUMBER_OBJECT_CONVERSION = YES_AGGRESSIVE;
				CLANG_CXX_LANGUAGE_STANDARD = "gnu++14";
				CLANG_CXX_LIBRARY = "libc++";
				CLANG_ENABLE_MODULES = YES;
				CLANG_ENABLE_OBJC_ARC = YES;
				CLANG_ENABLE_OBJC_WEAK = YES;
				CLANG_WARN_BLOCK_CAPTURE_AUTORELEASING = YES;
				CLANG_WARN_BOOL_CONVERSION = YES;
				CLANG_WARN_COMMA = YES;
				CLANG_WARN_CONSTANT_CONVERSION = YES;
				CLANG_WARN_DEPRECATED_OBJC_IMPLEMENTATIONS = YES;
				CLANG_WARN_DIRECT_OBJC_ISA_USAGE = YES_ERROR;
				CLANG_WARN_DOCUMENTATION_COMMENTS = YES;
				CLANG_WARN_EMPTY_BODY = YES;
				CLANG_WARN_ENUM_CONVERSION = YES;
				CLANG_WARN_INFINITE_RECURSION = YES;
				CLANG_WARN_INT_CONVERSION = YES;
				CLANG_WARN_NON_LITERAL_NULL_CONVERSION = YES;
				CLANG_WARN_OBJC_IMPLICIT_RETAIN_SELF = YES;
				CLANG_WARN_OBJC_LITERAL_CONVERSION = YES;
				CLANG_WARN_OBJC_ROOT_CLASS = YES_ERROR;
				CLANG_WARN_RANGE_LOOP_ANALYSIS = YES;
				CLANG_WARN_STRICT_PROTOTYPES = YES;
				CLANG_WARN_SUSPICIOUS_MOVE = YES;
				CLANG_WARN_UNGUARDED_AVAILABILITY = YES_AGGRESSIVE;
				CLANG_WARN_UNREACHABLE_CODE = YES;
				CLANG_WARN__DUPLICATE_METHOD_MATCH = YES;
				CODE_SIGN_IDENTITY = "iPhone Developer";
				COPY_PHASE_STRIP = NO;
				DEBUG_INFORMATION_FORMAT = "dwarf-with-dsym";
				ENABLE_NS_ASSERTIONS = NO;
				ENABLE_STRICT_OBJC_MSGSEND = YES;
				GCC_C_LANGUAGE_STANDARD = gnu11;
				GCC_NO_COMMON_BLOCKS = YES;
				GCC_WARN_64_TO_32_BIT_CONVERSION = YES;
				GCC_WARN_ABOUT_RETURN_TYPE = YES_ERROR;
				GCC_WARN_UNDECLARED_SELECTOR = YES;
				GCC_WARN_UNINITIALIZED_AUTOS = YES_AGGRESSIVE;
				GCC_WARN_UNUSED_FUNCTION = YES;
				GCC_WARN_UNUSED_VARIABLE = YES;
				IPHONEOS_DEPLOYMENT_TARGET = 12.1;
				MTL_ENABLE_DEBUG_INFO = NO;
				MTL_FAST_MATH = YES;
				SDKROOT = iphoneos;
				SWIFT_COMPILATION_MODE = wholemodule;
				SWIFT_OPTIMIZATION_LEVEL = "-O";
				VALIDATE_PRODUCT = YES;
			};
			name = Release;
		};
		182FA4A121C2C6BE0025F3F7 /* Debug */ = {
			isa = XCBuildConfiguration;
			buildSettings = {
				ASSETCATALOG_COMPILER_APPICON_NAME = AppIcon;
				CODE_SIGN_STYLE = Automatic;
				DEVELOPMENT_TEAM = CHH27M5823;
				INFOPLIST_FILE = Concentration/Info.plist;
				LD_RUNPATH_SEARCH_PATHS = (
					"$(inherited)",
					"@executable_path/Frameworks",
				);
				PRODUCT_BUNDLE_IDENTIFIER = Bong.Concentration;
				PRODUCT_NAME = "$(TARGET_NAME)";
				SWIFT_VERSION = 4.2;
				TARGETED_DEVICE_FAMILY = "1,2";
			};
			name = Debug;
		};
		182FA4A221C2C6BE0025F3F7 /* Release */ = {
			isa = XCBuildConfiguration;
			buildSettings = {
				ASSETCATALOG_COMPILER_APPICON_NAME = AppIcon;
				CODE_SIGN_STYLE = Automatic;
				DEVELOPMENT_TEAM = CHH27M5823;
				INFOPLIST_FILE = Concentration/Info.plist;
				LD_RUNPATH_SEARCH_PATHS = (
					"$(inherited)",
					"@executable_path/Frameworks",
				);
				PRODUCT_BUNDLE_IDENTIFIER = Bong.Concentration;
				PRODUCT_NAME = "$(TARGET_NAME)";
				SWIFT_VERSION = 4.2;
				TARGETED_DEVICE_FAMILY = "1,2";
			};
			name = Release;
		};
		182FA4A421C2C6BE0025F3F7 /* Debug */ = {
			isa = XCBuildConfiguration;
			buildSettings = {
				ALWAYS_EMBED_SWIFT_STANDARD_LIBRARIES = YES;
				BUNDLE_LOADER = "$(TEST_HOST)";
				CODE_SIGN_STYLE = Automatic;
				DEVELOPMENT_TEAM = CHH27M5823;
				INFOPLIST_FILE = ConcentrationTests/Info.plist;
				LD_RUNPATH_SEARCH_PATHS = (
					"$(inherited)",
					"@executable_path/Frameworks",
					"@loader_path/Frameworks",
				);
				PRODUCT_BUNDLE_IDENTIFIER = Bong.ConcentrationTests;
				PRODUCT_NAME = "$(TARGET_NAME)";
				SWIFT_VERSION = 4.2;
				TARGETED_DEVICE_FAMILY = "1,2";
				TEST_HOST = "$(BUILT_PRODUCTS_DIR)/Concentration.app/Concentration";
			};
			name = Debug;
		};
		182FA4A521C2C6BE0025F3F7 /* Release */ = {
			isa = XCBuildConfiguration;
			buildSettings = {
				ALWAYS_EMBED_SWIFT_STANDARD_LIBRARIES = YES;
				BUNDLE_LOADER = "$(TEST_HOST)";
				CODE_SIGN_STYLE = Automatic;
				DEVELOPMENT_TEAM = CHH27M5823;
				INFOPLIST_FILE = ConcentrationTests/Info.plist;
				LD_RUNPATH_SEARCH_PATHS = (
					"$(inherited)",
					"@executable_path/Frameworks",
					"@loader_path/Frameworks",
				);
				PRODUCT_BUNDLE_IDENTIFIER = Bong.ConcentrationTests;
				PRODUCT_NAME = "$(TARGET_NAME)";
				SWIFT_VERSION = 4.2;
				TARGETED_DEVICE_FAMILY = "1,2";
				TEST_HOST = "$(BUILT_PRODUCTS_DIR)/Concentration.app/Concentration";
			};
			name = Release;
		};
		182FA4A721C2C6BE0025F3F7 /* Debug */ = {
			isa = XCBuildConfiguration;
			buildSettings = {
				ALWAYS_EMBED_SWIFT_STANDARD_LIBRARIES = YES;
				CODE_SIGN_STYLE = Automatic;
				DEVELOPMENT_TEAM = CHH27M5823;
				INFOPLIST_FILE = ConcentrationUITests/Info.plist;
				LD_RUNPATH_SEARCH_PATHS = (
					"$(inherited)",
					"@executable_path/Frameworks",
					"@loader_path/Frameworks",
				);
				PRODUCT_BUNDLE_IDENTIFIER = Bong.ConcentrationUITests;
				PRODUCT_NAME = "$(TARGET_NAME)";
				SWIFT_VERSION = 4.2;
				TARGETED_DEVICE_FAMILY = "1,2";
				TEST_TARGET_NAME = Concentration;
			};
			name = Debug;
		};
		182FA4A821C2C6BE0025F3F7 /* Release */ = {
			isa = XCBuildConfiguration;
			buildSettings = {
				ALWAYS_EMBED_SWIFT_STANDARD_LIBRARIES = YES;
				CODE_SIGN_STYLE = Automatic;
				DEVELOPMENT_TEAM = CHH27M5823;
				INFOPLIST_FILE = ConcentrationUITests/Info.plist;
				LD_RUNPATH_SEARCH_PATHS = (
					"$(inherited)",
					"@executable_path/Frameworks",
					"@loader_path/Frameworks",
				);
				PRODUCT_BUNDLE_IDENTIFIER = Bong.ConcentrationUITests;
				PRODUCT_NAME = "$(TARGET_NAME)";
				SWIFT_VERSION = 4.2;
				TARGETED_DEVICE_FAMILY = "1,2";
				TEST_TARGET_NAME = Concentration;
			};
			name = Release;
		};
/* End XCBuildConfiguration section */

/* Begin XCConfigurationList section */
		182FA47321C2C6B80025F3F7 /* Build configuration list for PBXProject "Concentration" */ = {
			isa = XCConfigurationList;
			buildConfigurations = (
				182FA49E21C2C6BE0025F3F7 /* Debug */,
				182FA49F21C2C6BE0025F3F7 /* Release */,
			);
			defaultConfigurationIsVisible = 0;
			defaultConfigurationName = Release;
		};
		182FA4A021C2C6BE0025F3F7 /* Build configuration list for PBXNativeTarget "Concentration" */ = {
			isa = XCConfigurationList;
			buildConfigurations = (
				182FA4A121C2C6BE0025F3F7 /* Debug */,
				182FA4A221C2C6BE0025F3F7 /* Release */,
			);
			defaultConfigurationIsVisible = 0;
			defaultConfigurationName = Release;
		};
		182FA4A321C2C6BE0025F3F7 /* Build configuration list for PBXNativeTarget "ConcentrationTests" */ = {
			isa = XCConfigurationList;
			buildConfigurations = (
				182FA4A421C2C6BE0025F3F7 /* Debug */,
				182FA4A521C2C6BE0025F3F7 /* Release */,
			);
			defaultConfigurationIsVisible = 0;
			defaultConfigurationName = Release;
		};
		182FA4A621C2C6BE0025F3F7 /* Build configuration list for PBXNativeTarget "ConcentrationUITests" */ = {
			isa = XCConfigurationList;
			buildConfigurations = (
				182FA4A721C2C6BE0025F3F7 /* Debug */,
				182FA4A821C2C6BE0025F3F7 /* Release */,
			);
			defaultConfigurationIsVisible = 0;
			defaultConfigurationName = Release;
		};
/* End XCConfigurationList section */
	};
	rootObject = 182FA47021C2C6B80025F3F7 /* Project object */;
}
